
Microsoft Visual Studio Solution File, Format Version 11.00
# Visual Studio 2010
Project("{FAE04EC0-301F-11D3-BF4B-00C04F79EFBC}") = "Assembly-CSharp", "Assembly-CSharp.csproj", "{8ED6ABDF-66A7-0835-1B3D-CC46BBA26C6A}"
EndProject
Project("{FAE04EC0-301F-11D3-BF4B-00C04F79EFBC}") = "Assembly-CSharp-Editor", "Assembly-CSharp-Editor.csproj", "{5A3B7A69-ADFC-1E65-2EF5-420DAE12251C}"
EndProject
Global
	GlobalSection(SolutionConfigurationPlatforms) = preSolution
		Debug|Any CPU = Debug|Any CPU
		Release|Any CPU = Release|Any CPU
	EndGlobalSection
	GlobalSection(ProjectConfigurationPlatforms) = postSolution
		{8ED6ABDF-66A7-0835-1B3D-CC46BBA26C6A}.Debug|Any CPU.ActiveCfg = Debug|Any CPU
		{8ED6ABDF-66A7-0835-1B3D-CC46BBA26C6A}.Debug|Any CPU.Build.0 = Debug|Any CPU
		{8ED6ABDF-66A7-0835-1B3D-CC46BBA26C6A}.Release|Any CPU.ActiveCfg = Release|Any CPU
		{8ED6ABDF-66A7-0835-1B3D-CC46BBA26C6A}.Release|Any CPU.Build.0 = Release|Any CPU
		{5A3B7A69-ADFC-1E65-2EF5-420DAE12251C}.Debug|Any CPU.ActiveCfg = Debug|Any CPU
		{5A3B7A69-ADFC-1E65-2EF5-420DAE12251C}.Debug|Any CPU.Build.0 = Debug|Any CPU
		{5A3B7A69-ADFC-1E65-2EF5-420DAE12251C}.Release|Any CPU.ActiveCfg = Release|Any CPU
		{5A3B7A69-ADFC-1E65-2EF5-420DAE12251C}.Release|Any CPU.Build.0 = Release|Any CPU
	EndGlobalSection
	GlobalSection(SolutionProperties) = preSolution
		HideSolutionNode = FALSE
	EndGlobalSection
	GlobalSection(MonoDevelopProperties) = preSolution
		StartupItem = Assembly-CSharp.csproj
	EndGlobalSection
EndGlobal
